
Microsoft Visual Studio Solution File, Format Version 12.00
# Visual Studio Version 16
VisualStudioVersion = 16.0.31229.75
MinimumVisualStudioVersion = 10.0.40219.1
Project("{9A19103F-16F7-4668-BE54-9A1E7A4F7556}") = "AdoReporting", "AdoReporting.csproj", "{572E8BAA-90C0-492D-93E4-BA95511E993E}"
EndProject
Project("{9A19103F-16F7-4668-BE54-9A1E7A4F7556}") = "AdoReporting.Core", "..\AdoReporting.Core\AdoReporting.Core.csproj", "{0973980B-190A-4B40-BAF9-8FB4ADBCD48C}"
EndProject
Project("{2150E333-8FDC-42A3-9474-1A3956D46DE8}") = "Solution Items", "Solution Items", "{8B66C2F9-CB5C-4B87-BA78-548A1181DAB5}"
EndProject
Project("{9A19103F-16F7-4668-BE54-9A1E7A4F7556}") = "AdoReporting.Test", "..\AdoReporting.Test\AdoReporting.Test.csproj", "{B7EE0474-1295-40CD-9002-A7F7A0BA711E}"
EndProject
Project("{9A19103F-16F7-4668-BE54-9A1E7A4F7556}") = "AdoReporting.Console", "..\AdoReporting.Console\AdoReporting.Console.csproj", "{F827A9A1-1768-4DBF-8D05-48EBF99A68BF}"
EndProject
Global
	GlobalSection(SolutionConfigurationPlatforms) = preSolution
		Debug|Any CPU = Debug|Any CPU
		Release|Any CPU = Release|Any CPU
	EndGlobalSection
	GlobalSection(ProjectConfigurationPlatforms) = postSolution
		{572E8BAA-90C0-492D-93E4-BA95511E993E}.Debug|Any CPU.ActiveCfg = Debug|Any CPU
		{572E8BAA-90C0-492D-93E4-BA95511E993E}.Debug|Any CPU.Build.0 = Debug|Any CPU
		{572E8BAA-90C0-492D-93E4-BA95511E993E}.Release|Any CPU.ActiveCfg = Release|Any CPU
		{572E8BAA-90C0-492D-93E4-BA95511E993E}.Release|Any CPU.Build.0 = Release|Any CPU
		{0973980B-190A-4B40-BAF9-8FB4ADBCD48C}.Debug|Any CPU.ActiveCfg = Debug|Any CPU
		{0973980B-190A-4B40-BAF9-8FB4ADBCD48C}.Debug|Any CPU.Build.0 = Debug|Any CPU
		{0973980B-190A-4B40-BAF9-8FB4ADBCD48C}.Release|Any CPU.ActiveCfg = Release|Any CPU
		{0973980B-190A-4B40-BAF9-8FB4ADBCD48C}.Release|Any CPU.Build.0 = Release|Any CPU
		{B7EE0474-1295-40CD-9002-A7F7A0BA711E}.Debug|Any CPU.ActiveCfg = Debug|Any CPU
		{B7EE0474-1295-40CD-9002-A7F7A0BA711E}.Debug|Any CPU.Build.0 = Debug|Any CPU
		{B7EE0474-1295-40CD-9002-A7F7A0BA711E}.Release|Any CPU.ActiveCfg = Release|Any CPU
		{B7EE0474-1295-40CD-9002-A7F7A0BA711E}.Release|Any CPU.Build.0 = Release|Any CPU
		{F827A9A1-1768-4DBF-8D05-48EBF99A68BF}.Debug|Any CPU.ActiveCfg = Debug|Any CPU
		{F827A9A1-1768-4DBF-8D05-48EBF99A68BF}.Debug|Any CPU.Build.0 = Debug|Any CPU
		{F827A9A1-1768-4DBF-8D05-48EBF99A68BF}.Release|Any CPU.ActiveCfg = Release|Any CPU
		{F827A9A1-1768-4DBF-8D05-48EBF99A68BF}.Release|Any CPU.Build.0 = Release|Any CPU
	EndGlobalSection
	GlobalSection(SolutionProperties) = preSolution
		HideSolutionNode = FALSE
	EndGlobalSection
	GlobalSection(ExtensibilityGlobals) = postSolution
		SolutionGuid = {46EDE7F1-E1FA-4F70-85EF-3606164433F8}
	EndGlobalSection
EndGlobal
